
Microsoft Visual Studio Solution File, Format Version 12.00
# Visual Studio 15
VisualStudioVersion = 15.0.27130.2010
MinimumVisualStudioVersion = 10.0.40219.1
Project("{FAE04EC0-301F-11D3-BF4B-00C04F79EFBC}") = "Nagornaya", "Nagornaya\Nagornaya.csproj", "{FF753384-F7B9-46DD-A7F3-0C743E10A99D}"
EndProject
Global
	GlobalSection(SolutionConfigurationPlatforms) = preSolution
		Debug|Any CPU = Debug|Any CPU
		Release|Any CPU = Release|Any CPU
	EndGlobalSection
	GlobalSection(ProjectConfigurationPlatforms) = postSolution
		{FF753384-F7B9-46DD-A7F3-0C743E10A99D}.Debug|Any CPU.ActiveCfg = Debug|Any CPU
		{FF753384-F7B9-46DD-A7F3-0C743E10A99D}.Debug|Any CPU.Build.0 = Debug|Any CPU
		{FF753384-F7B9-46DD-A7F3-0C743E10A99D}.Release|Any CPU.ActiveCfg = Release|Any CPU
		{FF753384-F7B9-46DD-A7F3-0C743E10A99D}.Release|Any CPU.Build.0 = Release|Any CPU
	EndGlobalSection
	GlobalSection(SolutionProperties) = preSolution
		HideSolutionNode = FALSE
	EndGlobalSection
	GlobalSection(ExtensibilityGlobals) = postSolution
		SolutionGuid = {53B907AD-A620-4617-9C27-89959DC6747A}
	EndGlobalSection
EndGlobal
